
Microsoft Visual Studio Solution File, Format Version 12.00
# Visual Studio Version 16
VisualStudioVersion = 16.0.30011.22
MinimumVisualStudioVersion = 10.0.40219.1
Project("{2150E333-8FDC-42A3-9474-1A3956D46DE8}") = "Microservices", "Microservices", "{5995D57D-12FF-424E-A5AB-BC388D4E3953}"
EndProject
Project("{2150E333-8FDC-42A3-9474-1A3956D46DE8}") = "Domain", "Domain", "{2BB203F4-9656-4E94-8B45-077351D909B8}"
EndProject
Project("{2150E333-8FDC-42A3-9474-1A3956D46DE8}") = "Infra.Bus", "Infra.Bus", "{9CF80ECC-D694-40D4-81E6-033CBD3C3AC4}"
EndProject
Project("{2150E333-8FDC-42A3-9474-1A3956D46DE8}") = "Infra.IOC", "Infra.IOC", "{8CA2C705-D69A-42BD-946B-5FB3BBAD44C6}"
EndProject
Project("{2150E333-8FDC-42A3-9474-1A3956D46DE8}") = "Presentation", "Presentation", "{AA9C9052-76B9-4F9D-80D3-7D8F90F6FD27}"
EndProject
Project("{FAE04EC0-301F-11D3-BF4B-00C04F79EFBC}") = "MicroRabbit.Domain.Core", "MicroRabbit.Domain.Core\MicroRabbit.Domain.Core.csproj", "{4A8FC0AF-E73B-4D4E-9420-933A094C4E5D}"
EndProject
Project("{FAE04EC0-301F-11D3-BF4B-00C04F79EFBC}") = "MicroRabbit.Infra.Bus", "MicroRabbit.Infra.Bus\MicroRabbit.Infra.Bus.csproj", "{0B8871A2-6D32-4D7E-BA8C-886AFD98D5B9}"
EndProject
Project("{FAE04EC0-301F-11D3-BF4B-00C04F79EFBC}") = "MicroRabbit.Infra.IOC", "MicroRabbit.Infra.IOC\MicroRabbit.Infra.IOC.csproj", "{AE1D215D-E8BF-47A9-AC87-E1D3B6A0BB69}"
EndProject
Project("{2150E333-8FDC-42A3-9474-1A3956D46DE8}") = "Banking", "Banking", "{65BEA0C0-613A-4FD2-9C45-F113DC0B7F7E}"
EndProject
Project("{2150E333-8FDC-42A3-9474-1A3956D46DE8}") = "API", "API", "{4B821187-6D9B-4005-9BDF-04EE5DBA2085}"
EndProject
Project("{2150E333-8FDC-42A3-9474-1A3956D46DE8}") = "Domain", "Domain", "{84077706-4C13-4C8A-AD64-22CA551DF836}"
EndProject
Project("{2150E333-8FDC-42A3-9474-1A3956D46DE8}") = "Application", "Application", "{52B8AA3B-47A4-46C2-856D-024D5DEC76A4}"
EndProject
Project("{2150E333-8FDC-42A3-9474-1A3956D46DE8}") = "Data", "Data", "{C64C58CD-1D6D-4192-AB37-3611BBDE1B04}"
EndProject
Project("{FAE04EC0-301F-11D3-BF4B-00C04F79EFBC}") = "MicroRabbit.Banking.Api", "MicroRabbit.Banking.Api\MicroRabbit.Banking.Api.csproj", "{E872AA08-56FE-4BDB-A592-280A96191A0D}"
EndProject
Project("{FAE04EC0-301F-11D3-BF4B-00C04F79EFBC}") = "MicroRabbit.Banking.Application", "MicroRabbit.Banking.Application\MicroRabbit.Banking.Application.csproj", "{50B0178A-E9EC-4375-890C-18349C9110E7}"
EndProject
Project("{FAE04EC0-301F-11D3-BF4B-00C04F79EFBC}") = "MicroRabbit.Banking.Data", "MicroRabbit.Banking.Data\MicroRabbit.Banking.Data.csproj", "{BA6C36B1-EC3C-4EBE-B93C-3F541625C24E}"
EndProject
Project("{FAE04EC0-301F-11D3-BF4B-00C04F79EFBC}") = "MicroRabbit.Banking.Domain", "MicroRabbit.Banking.Domain\MicroRabbit.Banking.Domain.csproj", "{DD9C90DD-FDAA-4726-B3E6-DBE65B160102}"
EndProject
Global
	GlobalSection(SolutionConfigurationPlatforms) = preSolution
		Debug|Any CPU = Debug|Any CPU
		Release|Any CPU = Release|Any CPU
	EndGlobalSection
	GlobalSection(ProjectConfigurationPlatforms) = postSolution
		{4A8FC0AF-E73B-4D4E-9420-933A094C4E5D}.Debug|Any CPU.ActiveCfg = Debug|Any CPU
		{4A8FC0AF-E73B-4D4E-9420-933A094C4E5D}.Debug|Any CPU.Build.0 = Debug|Any CPU
		{4A8FC0AF-E73B-4D4E-9420-933A094C4E5D}.Release|Any CPU.ActiveCfg = Release|Any CPU
		{4A8FC0AF-E73B-4D4E-9420-933A094C4E5D}.Release|Any CPU.Build.0 = Release|Any CPU
		{0B8871A2-6D32-4D7E-BA8C-886AFD98D5B9}.Debug|Any CPU.ActiveCfg = Debug|Any CPU
		{0B8871A2-6D32-4D7E-BA8C-886AFD98D5B9}.Debug|Any CPU.Build.0 = Debug|Any CPU
		{0B8871A2-6D32-4D7E-BA8C-886AFD98D5B9}.Release|Any CPU.ActiveCfg = Release|Any CPU
		{0B8871A2-6D32-4D7E-BA8C-886AFD98D5B9}.Release|Any CPU.Build.0 = Release|Any CPU
		{AE1D215D-E8BF-47A9-AC87-E1D3B6A0BB69}.Debug|Any CPU.ActiveCfg = Debug|Any CPU
		{AE1D215D-E8BF-47A9-AC87-E1D3B6A0BB69}.Debug|Any CPU.Build.0 = Debug|Any CPU
		{AE1D215D-E8BF-47A9-AC87-E1D3B6A0BB69}.Release|Any CPU.ActiveCfg = Release|Any CPU
		{AE1D215D-E8BF-47A9-AC87-E1D3B6A0BB69}.Release|Any CPU.Build.0 = Release|Any CPU
		{E872AA08-56FE-4BDB-A592-280A96191A0D}.Debug|Any CPU.ActiveCfg = Debug|Any CPU
		{E872AA08-56FE-4BDB-A592-280A96191A0D}.Debug|Any CPU.Build.0 = Debug|Any CPU
		{E872AA08-56FE-4BDB-A592-280A96191A0D}.Release|Any CPU.ActiveCfg = Release|Any CPU
		{E872AA08-56FE-4BDB-A592-280A96191A0D}.Release|Any CPU.Build.0 = Release|Any CPU
		{50B0178A-E9EC-4375-890C-18349C9110E7}.Debug|Any CPU.ActiveCfg = Debug|Any CPU
		{50B0178A-E9EC-4375-890C-18349C9110E7}.Debug|Any CPU.Build.0 = Debug|Any CPU
		{50B0178A-E9EC-4375-890C-18349C9110E7}.Release|Any CPU.ActiveCfg = Release|Any CPU
		{50B0178A-E9EC-4375-890C-18349C9110E7}.Release|Any CPU.Build.0 = Release|Any CPU
		{BA6C36B1-EC3C-4EBE-B93C-3F541625C24E}.Debug|Any CPU.ActiveCfg = Debug|Any CPU
		{BA6C36B1-EC3C-4EBE-B93C-3F541625C24E}.Debug|Any CPU.Build.0 = Debug|Any CPU
		{BA6C36B1-EC3C-4EBE-B93C-3F541625C24E}.Release|Any CPU.ActiveCfg = Release|Any CPU
		{BA6C36B1-EC3C-4EBE-B93C-3F541625C24E}.Release|Any CPU.Build.0 = Release|Any CPU
		{DD9C90DD-FDAA-4726-B3E6-DBE65B160102}.Debug|Any CPU.ActiveCfg = Debug|Any CPU
		{DD9C90DD-FDAA-4726-B3E6-DBE65B160102}.Debug|Any CPU.Build.0 = Debug|Any CPU
		{DD9C90DD-FDAA-4726-B3E6-DBE65B160102}.Release|Any CPU.ActiveCfg = Release|Any CPU
		{DD9C90DD-FDAA-4726-B3E6-DBE65B160102}.Release|Any CPU.Build.0 = Release|Any CPU
	EndGlobalSection
	GlobalSection(SolutionProperties) = preSolution
		HideSolutionNode = FALSE
	EndGlobalSection
	GlobalSection(NestedProjects) = preSolution
		{4A8FC0AF-E73B-4D4E-9420-933A094C4E5D} = {2BB203F4-9656-4E94-8B45-077351D909B8}
		{0B8871A2-6D32-4D7E-BA8C-886AFD98D5B9} = {9CF80ECC-D694-40D4-81E6-033CBD3C3AC4}
		{AE1D215D-E8BF-47A9-AC87-E1D3B6A0BB69} = {8CA2C705-D69A-42BD-946B-5FB3BBAD44C6}
		{65BEA0C0-613A-4FD2-9C45-F113DC0B7F7E} = {5995D57D-12FF-424E-A5AB-BC388D4E3953}
		{4B821187-6D9B-4005-9BDF-04EE5DBA2085} = {65BEA0C0-613A-4FD2-9C45-F113DC0B7F7E}
		{84077706-4C13-4C8A-AD64-22CA551DF836} = {65BEA0C0-613A-4FD2-9C45-F113DC0B7F7E}
		{52B8AA3B-47A4-46C2-856D-024D5DEC76A4} = {65BEA0C0-613A-4FD2-9C45-F113DC0B7F7E}
		{C64C58CD-1D6D-4192-AB37-3611BBDE1B04} = {65BEA0C0-613A-4FD2-9C45-F113DC0B7F7E}
		{E872AA08-56FE-4BDB-A592-280A96191A0D} = {4B821187-6D9B-4005-9BDF-04EE5DBA2085}
		{50B0178A-E9EC-4375-890C-18349C9110E7} = {52B8AA3B-47A4-46C2-856D-024D5DEC76A4}
		{BA6C36B1-EC3C-4EBE-B93C-3F541625C24E} = {C64C58CD-1D6D-4192-AB37-3611BBDE1B04}
		{DD9C90DD-FDAA-4726-B3E6-DBE65B160102} = {84077706-4C13-4C8A-AD64-22CA551DF836}
	EndGlobalSection
	GlobalSection(ExtensibilityGlobals) = postSolution
		SolutionGuid = {EAC19FEA-1753-4E1D-8724-6C7E7D343352}
	EndGlobalSection
EndGlobal
